
Microsoft Visual Studio Solution File, Format Version 12.00
# Visual Studio Version 17
VisualStudioVersion = 17.2.32630.192
MinimumVisualStudioVersion = 10.0.40219.1
Project("{9A19103F-16F7-4668-BE54-9A1E7A4F7556}") = "ExoticFruits", "ExoticFruits.csproj", "{90D4E14C-3471-4322-B34E-A82094AFB399}"
EndProject
Global
	GlobalSection(SolutionConfigurationPlatforms) = preSolution
		Debug|Any CPU = Debug|Any CPU
		Release|Any CPU = Release|Any CPU
	EndGlobalSection
	GlobalSection(ProjectConfigurationPlatforms) = postSolution
		{90D4E14C-3471-4322-B34E-A82094AFB399}.Debug|Any CPU.ActiveCfg = Debug|Any CPU
		{90D4E14C-3471-4322-B34E-A82094AFB399}.Debug|Any CPU.Build.0 = Debug|Any CPU
		{90D4E14C-3471-4322-B34E-A82094AFB399}.Release|Any CPU.ActiveCfg = Release|Any CPU
		{90D4E14C-3471-4322-B34E-A82094AFB399}.Release|Any CPU.Build.0 = Release|Any CPU
	EndGlobalSection
	GlobalSection(SolutionProperties) = preSolution
		HideSolutionNode = FALSE
	EndGlobalSection
	GlobalSection(ExtensibilityGlobals) = postSolution
		SolutionGuid = {96D10A8A-064E-49C6-B80E-2D1689177C4E}
	EndGlobalSection
EndGlobal
